{
  "originHash" : "820b4d376a2515c0e0b99e0fe899542859756be04fae399b3f3099380100a995",
  "pins" : [
    {
      "identity" : "nfc-sdk-ios",
      "kind" : "remoteSourceControl",
      "location" : "https://github.com/daoninc/nfc-sdk-ios.git",
      "state" : {
        "branch" : "main",
        "revision" : "30d8f9e0fc4f862cc994536bbbb0245ec8d319a7"
      }
    }
  ],
  "version" : 3
}
