{
  "originHash" : "820b4d376a2515c0e0b99e0fe899542859756be04fae399b3f3099380100a995",
  "pins" : [
    {
      "identity" : "nfc-sdk-ios",
      "kind" : "remoteSourceControl",
      "location" : "https://github.com/daoninc/nfc-sdk-ios.git",
      "state" : {
        "revision" : "fffa4e0e5ba7e4c3ae45fa89d38b1fbac5a7d423",
        "version" : "1.4.6"
      }
    }
  ],
  "version" : 3
}
